
Microsoft Visual Studio Solution File, Format Version 12.00
Project("{FAE04EC0-301F-11D3-BF4B-00C04F79EFBC}") = "StudentsMonitoringProgress", "StudentsMonitoringProgress\StudentsMonitoringProgress.csproj", "{3BBAB08E-B8C2-49D3-9BEE-7F9462301611}"
EndProject
Project("{FAE04EC0-301F-11D3-BF4B-00C04F79EFBC}") = "UITestsStudentsMonitoringProgress", "UITestsStudentsMonitoringProgress\UITestsStudentsMonitoringProgress.csproj", "{452FD852-80EF-43AB-BB00-F4D034FF3678}"
EndProject
Global
	GlobalSection(SolutionConfigurationPlatforms) = preSolution
		Debug|Any CPU = Debug|Any CPU
		Release|Any CPU = Release|Any CPU
	EndGlobalSection
	GlobalSection(ProjectConfigurationPlatforms) = postSolution
		{3BBAB08E-B8C2-49D3-9BEE-7F9462301611}.Debug|Any CPU.ActiveCfg = Debug|Any CPU
		{3BBAB08E-B8C2-49D3-9BEE-7F9462301611}.Debug|Any CPU.Build.0 = Debug|Any CPU
		{3BBAB08E-B8C2-49D3-9BEE-7F9462301611}.Release|Any CPU.ActiveCfg = Release|Any CPU
		{3BBAB08E-B8C2-49D3-9BEE-7F9462301611}.Release|Any CPU.Build.0 = Release|Any CPU
		{452FD852-80EF-43AB-BB00-F4D034FF3678}.Debug|Any CPU.ActiveCfg = Debug|Any CPU
		{452FD852-80EF-43AB-BB00-F4D034FF3678}.Debug|Any CPU.Build.0 = Debug|Any CPU
		{452FD852-80EF-43AB-BB00-F4D034FF3678}.Release|Any CPU.ActiveCfg = Release|Any CPU
		{452FD852-80EF-43AB-BB00-F4D034FF3678}.Release|Any CPU.Build.0 = Release|Any CPU
	EndGlobalSection
EndGlobal
